{
  "name": "sims",
  "lockfileVersion": 3,
  "requires": true,
  "packages": {
    "": {
      "dependencies": {
        "helmet": "^7.1.0"
      }
    },
    "node_modules/helmet": {
      "version": "7.1.0",
      "resolved": "https://registry.npmjs.org/helmet/-/helmet-7.1.0.tgz",
      "integrity": "sha512-g+HZqgfbpXdCkme/Cd/mZkV0aV3BZZZSugecH03kl38m/Kmdx8jKjBikpDj2cr+Iynv4KpYEviojNdTJActJAg==",
      "engines": {
        "node": ">=16.0.0"
      }
    }
  }
}
